
Microsoft Visual Studio Solution File, Format Version 12.00
# Visual Studio Version 16
VisualStudioVersion = 16.0.32106.194
MinimumVisualStudioVersion = 10.0.40219.1
Project("{FAE04EC0-301F-11D3-BF4B-00C04F79EFBC}") = "WebAPI", "WebAPI\WebAPI.csproj", "{EEA34FEA-EAEE-4237-95B4-6EE3EE3247DF}"
EndProject
Global
	GlobalSection(SolutionConfigurationPlatforms) = preSolution
		Debug|Any CPU = Debug|Any CPU
		Release|Any CPU = Release|Any CPU
	EndGlobalSection
	GlobalSection(ProjectConfigurationPlatforms) = postSolution
		{EEA34FEA-EAEE-4237-95B4-6EE3EE3247DF}.Debug|Any CPU.ActiveCfg = Debug|Any CPU
		{EEA34FEA-EAEE-4237-95B4-6EE3EE3247DF}.Debug|Any CPU.Build.0 = Debug|Any CPU
		{EEA34FEA-EAEE-4237-95B4-6EE3EE3247DF}.Release|Any CPU.ActiveCfg = Release|Any CPU
		{EEA34FEA-EAEE-4237-95B4-6EE3EE3247DF}.Release|Any CPU.Build.0 = Release|Any CPU
	EndGlobalSection
	GlobalSection(SolutionProperties) = preSolution
		HideSolutionNode = FALSE
	EndGlobalSection
	GlobalSection(ExtensibilityGlobals) = postSolution
		SolutionGuid = {E92CA84F-F68A-459E-BDF1-5D02947906A3}
	EndGlobalSection
EndGlobal
